
Microsoft Visual Studio Solution File, Format Version 12.00
# Visual Studio Version 17
VisualStudioVersion = 17.11.35222.181
MinimumVisualStudioVersion = 10.0.40219.1
Project("{FAE04EC0-301F-11D3-BF4B-00C04F79EFBC}") = "Web", "Web.csproj", "{88ABC670-606A-4452-BF12-815D1AB6EAC8}"
EndProject
Global
	GlobalSection(SolutionConfigurationPlatforms) = preSolution
		Debug|Any CPU = Debug|Any CPU
		Release|Any CPU = Release|Any CPU
	EndGlobalSection
	GlobalSection(ProjectConfigurationPlatforms) = postSolution
		{88ABC670-606A-4452-BF12-815D1AB6EAC8}.Debug|Any CPU.ActiveCfg = Debug|Any CPU
		{88ABC670-606A-4452-BF12-815D1AB6EAC8}.Debug|Any CPU.Build.0 = Debug|Any CPU
		{88ABC670-606A-4452-BF12-815D1AB6EAC8}.Release|Any CPU.ActiveCfg = Release|Any CPU
		{88ABC670-606A-4452-BF12-815D1AB6EAC8}.Release|Any CPU.Build.0 = Release|Any CPU
	EndGlobalSection
	GlobalSection(SolutionProperties) = preSolution
		HideSolutionNode = FALSE
	EndGlobalSection
	GlobalSection(ExtensibilityGlobals) = postSolution
		SolutionGuid = {F2E0DDF9-5BB2-49EC-9701-D15D6C6BCF1A}
	EndGlobalSection
EndGlobal
